
Microsoft Visual Studio Solution File, Format Version 12.00
# Visual Studio 15
VisualStudioVersion = 15.0.28307.1622
MinimumVisualStudioVersion = 10.0.40219.1
Project("{FAE04EC0-301F-11D3-BF4B-00C04F79EFBC}") = "Teht7", "Teht7\Teht7.csproj", "{36905922-968D-436A-8F77-0A3E100BACA6}"
EndProject
Global
	GlobalSection(SolutionConfigurationPlatforms) = preSolution
		Debug|Any CPU = Debug|Any CPU
		Release|Any CPU = Release|Any CPU
	EndGlobalSection
	GlobalSection(ProjectConfigurationPlatforms) = postSolution
		{36905922-968D-436A-8F77-0A3E100BACA6}.Debug|Any CPU.ActiveCfg = Debug|Any CPU
		{36905922-968D-436A-8F77-0A3E100BACA6}.Debug|Any CPU.Build.0 = Debug|Any CPU
		{36905922-968D-436A-8F77-0A3E100BACA6}.Release|Any CPU.ActiveCfg = Release|Any CPU
		{36905922-968D-436A-8F77-0A3E100BACA6}.Release|Any CPU.Build.0 = Release|Any CPU
	EndGlobalSection
	GlobalSection(SolutionProperties) = preSolution
		HideSolutionNode = FALSE
	EndGlobalSection
	GlobalSection(ExtensibilityGlobals) = postSolution
		SolutionGuid = {3F67B278-83A1-4046-90D9-A53E2747E67F}
	EndGlobalSection
EndGlobal
