
Microsoft Visual Studio Solution File, Format Version 12.00
# Visual Studio 15
VisualStudioVersion = 15.0.28307.1622
MinimumVisualStudioVersion = 10.0.40219.1
Project("{FAE04EC0-301F-11D3-BF4B-00C04F79EFBC}") = "Tehtävä 8", "Tehtävä 8\Tehtävä 8.csproj", "{1D73DA4E-E0DA-41DD-8A76-DF7AE74D304D}"
EndProject
Global
	GlobalSection(SolutionConfigurationPlatforms) = preSolution
		Debug|Any CPU = Debug|Any CPU
		Release|Any CPU = Release|Any CPU
	EndGlobalSection
	GlobalSection(ProjectConfigurationPlatforms) = postSolution
		{1D73DA4E-E0DA-41DD-8A76-DF7AE74D304D}.Debug|Any CPU.ActiveCfg = Debug|Any CPU
		{1D73DA4E-E0DA-41DD-8A76-DF7AE74D304D}.Debug|Any CPU.Build.0 = Debug|Any CPU
		{1D73DA4E-E0DA-41DD-8A76-DF7AE74D304D}.Release|Any CPU.ActiveCfg = Release|Any CPU
		{1D73DA4E-E0DA-41DD-8A76-DF7AE74D304D}.Release|Any CPU.Build.0 = Release|Any CPU
	EndGlobalSection
	GlobalSection(SolutionProperties) = preSolution
		HideSolutionNode = FALSE
	EndGlobalSection
	GlobalSection(ExtensibilityGlobals) = postSolution
		SolutionGuid = {BE5A5F0A-5FEB-4C63-B619-F58DD87DEB22}
	EndGlobalSection
EndGlobal
